
Microsoft Visual Studio Solution File, Format Version 12.00
# Visual Studio 15
VisualStudioVersion = 15.0.28307.271
MinimumVisualStudioVersion = 10.0.40219.1
Project("{FAE04EC0-301F-11D3-BF4B-00C04F79EFBC}") = "SLU.XamarinFormsTest.Android", "SLU.XamarinFormsTest\SLU.XamarinFormsTest.Android\SLU.XamarinFormsTest.Android.csproj", "{F0DE71E1-5FC0-4379-B52F-3AB73CFD11DD}"
EndProject
Project("{9A19103F-16F7-4668-BE54-9A1E7A4F7556}") = "SLU.XamarinFormsTest", "SLU.XamarinFormsTest\SLU.XamarinFormsTest\SLU.XamarinFormsTest.csproj", "{B42E523C-5B75-4E92-B737-5F6273216FE8}"
EndProject
Global
	GlobalSection(SolutionConfigurationPlatforms) = preSolution
		Debug|Any CPU = Debug|Any CPU
		Release|Any CPU = Release|Any CPU
	EndGlobalSection
	GlobalSection(ProjectConfigurationPlatforms) = postSolution
		{F0DE71E1-5FC0-4379-B52F-3AB73CFD11DD}.Debug|Any CPU.ActiveCfg = Debug|Any CPU
		{F0DE71E1-5FC0-4379-B52F-3AB73CFD11DD}.Debug|Any CPU.Build.0 = Debug|Any CPU
		{F0DE71E1-5FC0-4379-B52F-3AB73CFD11DD}.Debug|Any CPU.Deploy.0 = Debug|Any CPU
		{F0DE71E1-5FC0-4379-B52F-3AB73CFD11DD}.Release|Any CPU.ActiveCfg = Release|Any CPU
		{F0DE71E1-5FC0-4379-B52F-3AB73CFD11DD}.Release|Any CPU.Build.0 = Release|Any CPU
		{F0DE71E1-5FC0-4379-B52F-3AB73CFD11DD}.Release|Any CPU.Deploy.0 = Release|Any CPU
		{B42E523C-5B75-4E92-B737-5F6273216FE8}.Debug|Any CPU.ActiveCfg = Debug|Any CPU
		{B42E523C-5B75-4E92-B737-5F6273216FE8}.Debug|Any CPU.Build.0 = Debug|Any CPU
		{B42E523C-5B75-4E92-B737-5F6273216FE8}.Release|Any CPU.ActiveCfg = Release|Any CPU
		{B42E523C-5B75-4E92-B737-5F6273216FE8}.Release|Any CPU.Build.0 = Release|Any CPU
	EndGlobalSection
	GlobalSection(SolutionProperties) = preSolution
		HideSolutionNode = FALSE
	EndGlobalSection
	GlobalSection(ExtensibilityGlobals) = postSolution
		SolutionGuid = {7356BC79-0BAF-422E-AF95-21F3A390F692}
	EndGlobalSection
EndGlobal
